{
  "schema": "dsh-researcher/eval-lock/v1",
  "generated_at": "2026-08-21T05:19:29.009Z",
  "hashes": {
    "protocol": "b42751121e30b00c0f244bca89554522b0b50320218c4976898f7a82fb85c0aa",
    "adjudication_schema": "459e131c69be265ca8f069859c9cb3ab56aa5d07752c23f8d62a9d1501493a16",
    "scoring_schema": "b74cd929ef53e0c0da3d0800565514a7aa931a9f6a9baf3a49a09dff685eb1cc",
    "selection_result": "63cfbce20ce3a2babb4cc77cb14a880374e9c81b009f25d5eb69b5b821983860",
    "deviations": "6a11408209f2e2c45d35ce46e0bff90f6a802346cbaa93c963195e3bb19aa39e",
    "runtime_manifest": "fd3f241f0f7bc386f5bc4d55f8cdc9729760a0eabfbbf399e271305e14ef9969",
    "prompts": "376239f5c77d5f7dd81124e35f1216a1da530a7cfd5e40d88a7f990f38e1e181",
    "eval_presets": "d2305473c613eb6f21081ca20a038b5485d2a74a4b71bd42d84729e128a4fefe",
    "eval_runtime": "8df9624b9436c02da2a1a8ac795a1128f4f5f846e819496c7405cccfe2c30330",
    "ground_truth": "e5b3825be56048662fbeea04ff33bfca80dc75bf229015b0ba83c72dfb124ecf",
    "snapshot": "84baf1c14746f04c04d36a1529eadf235580920a2efe9aa1aeffe03d3a1d7815",
    "prompt": "4c8d0246963b25f0e1092a2dc05072006c8c94d4e83fcfefc3db6ccffc66f722",
    "preset": "d2513c5fa74561b1e9122132aec68b6a41219123d45bcffcc1a3c5efb7286f9a"
  },
  "config": {
    "model": "deepseek-official/deepseek-v4-pro",
    "reasoning": "max",
    "token_budget": "500000"
  }
}